
Microsoft Visual Studio Solution File, Format Version 12.00
# Visual Studio Version 17
VisualStudioVersion = 17.9.34728.123
MinimumVisualStudioVersion = 10.0.40219.1
Project("{FAE04EC0-301F-11D3-BF4B-00C04F79EFBC}") = "ticketing-system", "ticketing-system\ticketing-system.csproj", "{BB76320D-C343-42C3-9054-BE11144CDF51}"
EndProject
Global
	GlobalSection(SolutionConfigurationPlatforms) = preSolution
		Debug|Any CPU = Debug|Any CPU
		Release|Any CPU = Release|Any CPU
	EndGlobalSection
	GlobalSection(ProjectConfigurationPlatforms) = postSolution
		{BB76320D-C343-42C3-9054-BE11144CDF51}.Debug|Any CPU.ActiveCfg = Debug|Any CPU
		{BB76320D-C343-42C3-9054-BE11144CDF51}.Debug|Any CPU.Build.0 = Debug|Any CPU
		{BB76320D-C343-42C3-9054-BE11144CDF51}.Release|Any CPU.ActiveCfg = Release|Any CPU
		{BB76320D-C343-42C3-9054-BE11144CDF51}.Release|Any CPU.Build.0 = Release|Any CPU
	EndGlobalSection
	GlobalSection(SolutionProperties) = preSolution
		HideSolutionNode = FALSE
	EndGlobalSection
	GlobalSection(ExtensibilityGlobals) = postSolution
		SolutionGuid = {0D784CF0-AD8B-4C48-BDBA-75F9D5269C35}
	EndGlobalSection
EndGlobal
